
Microsoft Visual Studio Solution File, Format Version 12.00
# Visual Studio Version 17
VisualStudioVersion = 17.4.33213.308
MinimumVisualStudioVersion = 10.0.40219.1
Project("{9A19103F-16F7-4668-BE54-9A1E7A4F7556}") = "ConsoleApp54", "ConsoleApp54\ConsoleApp54.csproj", "{171F2AF0-3DAC-4F10-AB3B-7E244B34B2B4}"
EndProject
Project("{9A19103F-16F7-4668-BE54-9A1E7A4F7556}") = "ConsoleApp54.Core", "ConsoleApp54.Core\ConsoleApp54.Core.csproj", "{B6C90EA0-D3D5-4A50-A30C-61DBC1D7C636}"
EndProject
Project("{9A19103F-16F7-4668-BE54-9A1E7A4F7556}") = "ConsoleApp54.DB_Mock", "ConsoleApp54.DB_Mock\ConsoleApp54.DB_Mock.csproj", "{30BFD043-2F15-494C-89E7-A6E66759314C}"
EndProject
Project("{FAE04EC0-301F-11D3-BF4B-00C04F79EFBC}") = "ConsoleApp54.Content2", "ConsoleApp54.Content2\ConsoleApp54.Content2.csproj", "{72092A12-154C-475B-86F6-64924658EEB0}"
EndProject
Global
	GlobalSection(SolutionConfigurationPlatforms) = preSolution
		Debug|Any CPU = Debug|Any CPU
		Release|Any CPU = Release|Any CPU
	EndGlobalSection
	GlobalSection(ProjectConfigurationPlatforms) = postSolution
		{171F2AF0-3DAC-4F10-AB3B-7E244B34B2B4}.Debug|Any CPU.ActiveCfg = Debug|Any CPU
		{171F2AF0-3DAC-4F10-AB3B-7E244B34B2B4}.Debug|Any CPU.Build.0 = Debug|Any CPU
		{171F2AF0-3DAC-4F10-AB3B-7E244B34B2B4}.Release|Any CPU.ActiveCfg = Release|Any CPU
		{171F2AF0-3DAC-4F10-AB3B-7E244B34B2B4}.Release|Any CPU.Build.0 = Release|Any CPU
		{B6C90EA0-D3D5-4A50-A30C-61DBC1D7C636}.Debug|Any CPU.ActiveCfg = Debug|Any CPU
		{B6C90EA0-D3D5-4A50-A30C-61DBC1D7C636}.Debug|Any CPU.Build.0 = Debug|Any CPU
		{B6C90EA0-D3D5-4A50-A30C-61DBC1D7C636}.Release|Any CPU.ActiveCfg = Release|Any CPU
		{B6C90EA0-D3D5-4A50-A30C-61DBC1D7C636}.Release|Any CPU.Build.0 = Release|Any CPU
		{30BFD043-2F15-494C-89E7-A6E66759314C}.Debug|Any CPU.ActiveCfg = Debug|Any CPU
		{30BFD043-2F15-494C-89E7-A6E66759314C}.Debug|Any CPU.Build.0 = Debug|Any CPU
		{30BFD043-2F15-494C-89E7-A6E66759314C}.Release|Any CPU.ActiveCfg = Release|Any CPU
		{30BFD043-2F15-494C-89E7-A6E66759314C}.Release|Any CPU.Build.0 = Release|Any CPU
		{72092A12-154C-475B-86F6-64924658EEB0}.Debug|Any CPU.ActiveCfg = Debug|Any CPU
		{72092A12-154C-475B-86F6-64924658EEB0}.Debug|Any CPU.Build.0 = Debug|Any CPU
		{72092A12-154C-475B-86F6-64924658EEB0}.Release|Any CPU.ActiveCfg = Release|Any CPU
		{72092A12-154C-475B-86F6-64924658EEB0}.Release|Any CPU.Build.0 = Release|Any CPU
	EndGlobalSection
	GlobalSection(SolutionProperties) = preSolution
		HideSolutionNode = FALSE
	EndGlobalSection
	GlobalSection(ExtensibilityGlobals) = postSolution
		SolutionGuid = {A24277D8-723D-4DA0-8A8B-CF351FADF323}
	EndGlobalSection
EndGlobal
